{
  "name": "api",
  "lockfileVersion": 3,
  "requires": true,
  "packages": {
    "": {
      "dependencies": {
        "stream-chain": "^3.4.0"
      }
    },
    "node_modules/stream-chain": {
      "version": "3.4.0",
      "resolved": "https://registry.npmjs.org/stream-chain/-/stream-chain-3.4.0.tgz",
      "integrity": "sha512-cyDiaDqAfgmeiv0PWFXCg9oKNVYNzYxHK9j5CMsYMHZDk+/yYcSV+CXQZliZ0U4mNU8DLqiVNZXUfs8BqhgwMw==",
      "license": "BSD-3-Clause",
      "funding": {
        "url": "https://github.com/sponsors/uhop"
      }
    }
  }
}
